
Microsoft Visual Studio Solution File, Format Version 12.00
# Visual Studio Version 17
VisualStudioVersion = 17.14.37301.10 d17.14
MinimumVisualStudioVersion = 10.0.40219.1
Project("{D2ABAB84-BF74-430A-B69E-9DC6D40DDA17}") = "ZoneAlarmOlap", "Lab12\ZoneAlarmOlap.dwproj", "{4AC93E6B-F50B-1A64-BCBF-740C82F059E4}"
EndProject
Global
	GlobalSection(SolutionConfigurationPlatforms) = preSolution
		Development|Default = Development|Default
	EndGlobalSection
	GlobalSection(ProjectConfigurationPlatforms) = postSolution
		{4AC93E6B-F50B-1A64-BCBF-740C82F059E4}.Development|Default.ActiveCfg = Development
		{4AC93E6B-F50B-1A64-BCBF-740C82F059E4}.Development|Default.Build.0 = Development
		{4AC93E6B-F50B-1A64-BCBF-740C82F059E4}.Development|Default.Deploy.0 = Development
	EndGlobalSection
	GlobalSection(SolutionProperties) = preSolution
		HideSolutionNode = FALSE
	EndGlobalSection
	GlobalSection(ExtensibilityGlobals) = postSolution
		SolutionGuid = {B5BCE9A2-B6AE-418C-957A-1867587A7339}
	EndGlobalSection
EndGlobal
