
Microsoft Visual Studio Solution File, Format Version 12.00
# Visual Studio Version 17
VisualStudioVersion = 17.14.37301.10
MinimumVisualStudioVersion = 10.0.40219.1
Project("{D2ABAB84-BF74-430A-B69E-9DC6D40DDA17}") = "OLAP Tutorial", "OLAP Tutorial\OLAP Tutorial.dwproj", "{4B562ADA-8016-047D-D39F-249A3C822E36}"
EndProject
Global
	GlobalSection(SolutionConfigurationPlatforms) = preSolution
		Development|Default = Development|Default
	EndGlobalSection
	GlobalSection(ProjectConfigurationPlatforms) = postSolution
		{4B562ADA-8016-047D-D39F-249A3C822E36}.Development|Default.ActiveCfg = Development
		{4B562ADA-8016-047D-D39F-249A3C822E36}.Development|Default.Build.0 = Development
		{4B562ADA-8016-047D-D39F-249A3C822E36}.Development|Default.Deploy.0 = Development
	EndGlobalSection
	GlobalSection(SolutionProperties) = preSolution
		HideSolutionNode = FALSE
	EndGlobalSection
	GlobalSection(ExtensibilityGlobals) = postSolution
		SolutionGuid = {A32AFC05-789B-4BF5-BA12-1B0AFEC5B681}
	EndGlobalSection
EndGlobal
